{
    "_readme": [
        "This file locks the dependencies of your project to a known state",
        "Read more about it at https://getcomposer.org/doc/01-basic-usage.md#composer-lock-the-lock-file",
        "This file is @generated automatically"
    ],
    "hash": "2f3c6d6b1c2e5c2c2a814693029262cc",
    "content-hash": "40e1504b7f8bcc8824ccc8ba80af971c",
    "packages": [],
    "packages-dev": [
        {
            "name": "victorruan/globaldata",
            "version": "dev-master",
            "source": {
                "type": "git",
                "url": "https://github.com/victorruan/GlobalData.git",
                "reference": "61eb16bb297bdc77fc4c271de3084248fea90988"
            },
            "dist": {
                "type": "zip",
                "url": "https://api.github.com/repos/victorruan/GlobalData/zipball/61eb16bb297bdc77fc4c271de3084248fea90988",
                "reference": "61eb16bb297bdc77fc4c271de3084248fea90988",
                "shasum": ""
            },
            "require": {
                "workerman/workerman": ">=3.3.0"
            },
            "type": "project",
            "autoload": {
                "psr-4": {
                    "GlobalData\\": "./src"
                }
            },
            "notification-url": "https://packagist.org/downloads/",
            "license": [
                "MIT"
            ],
            "homepage": "http://www.workerman.net",
            "time": "2016-08-15 02:02:22"
        },
        {
            "name": "workerman/workerman",
            "version": "dev-master",
            "source": {
                "type": "git",
                "url": "https://github.com/walkor/Workerman.git",
                "reference": "3fc35c30cbeaa7fbeb54a5d46a064b839d1e6550"
            },
            "dist": {
                "type": "zip",
                "url": "https://api.github.com/repos/walkor/Workerman/zipball/3fc35c30cbeaa7fbeb54a5d46a064b839d1e6550",
                "reference": "3fc35c30cbeaa7fbeb54a5d46a064b839d1e6550",
                "shasum": ""
            },
            "require": {
                "php": ">=5.3"
            },
            "suggest": {
                "ext-libevent": "For better performance."
            },
            "type": "project",
            "autoload": {
                "psr-4": {
                    "Workerman\\": "./"
                }
            },
            "notification-url": "https://packagist.org/downloads/",
            "license": [
                "MIT"
            ],
            "authors": [
                {
                    "name": "walkor",
                    "email": "walkor@workerman.net",
                    "homepage": "http://www.workerman.net",
                    "role": "Developer"
                }
            ],
            "description": "An asynchronous event driven PHP framework for easily building fast, scalable network applications.",
            "homepage": "http://www.workerman.net",
            "keywords": [
                "asynchronous",
                "event-loop"
            ],
            "time": "2016-08-07 07:09:11"
        }
    ],
    "aliases": [],
    "minimum-stability": "dev",
    "stability-flags": {
        "victorruan/globaldata": 20
    },
    "prefer-stable": false,
    "prefer-lowest": false,
    "platform": {
        "php": ">=5.3.0"
    },
    "platform-dev": []
}
