{
    "_readme": [
        "This file locks the dependencies of your project to a known state",
        "Read more about it at https://getcomposer.org/doc/01-basic-usage.md#composer-lock-the-lock-file",
        "This file is @generated automatically"
    ],
    "hash": "503f21ddabfdb5a7de9a0dd8aafcb321",
    "content-hash": "527cf87b584b00003d788e457eb2e151",
    "packages": [
        {
            "name": "workerman/globaldata",
            "version": "v1.0.2",
            "source": {
                "type": "git",
                "url": "https://github.com/walkor/GlobalData.git",
                "reference": "ea3eca7b351693b4fb8580e7b351f12dd28c78fe"
            },
            "dist": {
                "type": "zip",
                "url": "https://api.github.com/repos/walkor/GlobalData/zipball/ea3eca7b351693b4fb8580e7b351f12dd28c78fe",
                "reference": "ea3eca7b351693b4fb8580e7b351f12dd28c78fe",
                "shasum": ""
            },
            "require": {
                "workerman/workerman": ">=3.3.0"
            },
            "type": "project",
            "autoload": {
                "psr-4": {
                    "GlobalData\\": "./src"
                }
            },
            "notification-url": "https://packagist.org/downloads/",
            "license": [
                "MIT"
            ],
            "homepage": "http://www.workerman.net",
            "time": "2016-06-02 06:35:44"
        },
        {
            "name": "workerman/workerman",
            "version": "v3.3.3",
            "source": {
                "type": "git",
                "url": "https://github.com/walkor/Workerman.git",
                "reference": "72dcfe49b70566be36cca7426542ea21dec2197b"
            },
            "dist": {
                "type": "zip",
                "url": "https://api.github.com/repos/walkor/Workerman/zipball/72dcfe49b70566be36cca7426542ea21dec2197b",
                "reference": "72dcfe49b70566be36cca7426542ea21dec2197b",
                "shasum": ""
            },
            "require": {
                "php": ">=5.3"
            },
            "suggest": {
                "ext-libevent": "For better performance."
            },
            "type": "project",
            "autoload": {
                "psr-4": {
                    "Workerman\\": "./"
                }
            },
            "notification-url": "https://packagist.org/downloads/",
            "license": [
                "MIT"
            ],
            "authors": [
                {
                    "name": "walkor",
                    "email": "walkor@workerman.net",
                    "homepage": "http://www.workerman.net",
                    "role": "Developer"
                }
            ],
            "description": "An asynchronous event driven PHP framework for easily building fast, scalable network applications.",
            "homepage": "http://www.workerman.net",
            "keywords": [
                "asynchronous",
                "event-loop"
            ],
            "time": "2016-07-01 12:40:31"
        }
    ],
    "packages-dev": [],
    "aliases": [],
    "minimum-stability": "stable",
    "stability-flags": [],
    "prefer-stable": false,
    "prefer-lowest": false,
    "platform": {
        "php": ">=5.3.0"
    },
    "platform-dev": []
}
